github.com/probeldev/fastlauncher v0.0.2 h1:T0Ynq2pzN4ZWnsglf+yqGYKpDSnWXRTGpuVlKe2pgkc=
github.com/probeldev/fastlauncher v0.0.2/go.mod h1:bpB5xhZoewdFeWiSBsu2ddrmvvk+qCnGCOdAni9Cbws=
github.com/probeldev/niri-float-sticky v0.0.2 h1:7Isv9vOMILM4Wvu8+WhbMuzZzABrMPL93LVZpdVk5OY=
github.com/probeldev/niri-float-sticky v0.0.2/go.mod h1:NPbB6c7VXX3q7SFtcpCE9DwNXdqoou7vHBOa6ztR4bg=
